
Microsoft Visual Studio Solution File, Format Version 12.00
# Visual Studio 15
VisualStudioVersion = 15.0.28307.757
MinimumVisualStudioVersion = 10.0.40219.1
Project("{9A19103F-16F7-4668-BE54-9A1E7A4F7556}") = "ClashRoyaleApi", "ClashRoyaleApi\ClashRoyaleApi.csproj", "{16F77397-B45D-4976-BAC2-5324C8FEA7E8}"
EndProject
Project("{9A19103F-16F7-4668-BE54-9A1E7A4F7556}") = "ClashRoyaleApi.Core", "ClashRoyaleApi.Core\ClashRoyaleApi.Core.csproj", "{24B61334-79F7-43CB-A777-77A26C2C84FA}"
EndProject
Project("{9A19103F-16F7-4668-BE54-9A1E7A4F7556}") = "ClashRoyaleApi.Infrastructure", "ClashRoyaleApi.Infrastructure\ClashRoyaleApi.Infrastructure.csproj", "{1FCDE478-2E21-4C7E-A448-F86FFFACD166}"
EndProject
Global
	GlobalSection(SolutionConfigurationPlatforms) = preSolution
		Debug|Any CPU = Debug|Any CPU
		Release|Any CPU = Release|Any CPU
	EndGlobalSection
	GlobalSection(ProjectConfigurationPlatforms) = postSolution
		{16F77397-B45D-4976-BAC2-5324C8FEA7E8}.Debug|Any CPU.ActiveCfg = Debug|Any CPU
		{16F77397-B45D-4976-BAC2-5324C8FEA7E8}.Debug|Any CPU.Build.0 = Debug|Any CPU
		{16F77397-B45D-4976-BAC2-5324C8FEA7E8}.Release|Any CPU.ActiveCfg = Release|Any CPU
		{16F77397-B45D-4976-BAC2-5324C8FEA7E8}.Release|Any CPU.Build.0 = Release|Any CPU
		{24B61334-79F7-43CB-A777-77A26C2C84FA}.Debug|Any CPU.ActiveCfg = Debug|Any CPU
		{24B61334-79F7-43CB-A777-77A26C2C84FA}.Debug|Any CPU.Build.0 = Debug|Any CPU
		{24B61334-79F7-43CB-A777-77A26C2C84FA}.Release|Any CPU.ActiveCfg = Release|Any CPU
		{24B61334-79F7-43CB-A777-77A26C2C84FA}.Release|Any CPU.Build.0 = Release|Any CPU
		{1FCDE478-2E21-4C7E-A448-F86FFFACD166}.Debug|Any CPU.ActiveCfg = Debug|Any CPU
		{1FCDE478-2E21-4C7E-A448-F86FFFACD166}.Debug|Any CPU.Build.0 = Debug|Any CPU
		{1FCDE478-2E21-4C7E-A448-F86FFFACD166}.Release|Any CPU.ActiveCfg = Release|Any CPU
		{1FCDE478-2E21-4C7E-A448-F86FFFACD166}.Release|Any CPU.Build.0 = Release|Any CPU
	EndGlobalSection
	GlobalSection(SolutionProperties) = preSolution
		HideSolutionNode = FALSE
	EndGlobalSection
	GlobalSection(ExtensibilityGlobals) = postSolution
		SolutionGuid = {F5308BB3-F4EE-4F9A-80A1-1B5D8B1C00DE}
	EndGlobalSection
EndGlobal
